
Microsoft Visual Studio Solution File, Format Version 12.00
# Visual Studio Version 16
VisualStudioVersion = 16.0.30503.244
MinimumVisualStudioVersion = 10.0.40219.1
Project("{9A19103F-16F7-4668-BE54-9A1E7A4F7556}") = "eDecor.WebAPI", "eDecor.WebAPI\eDecor.WebAPI.csproj", "{30237FDF-7961-4579-8C8D-859AF5A43BDF}"
EndProject
Project("{9A19103F-16F7-4668-BE54-9A1E7A4F7556}") = "eDecor.Model", "eDecor.Model\eDecor.Model.csproj", "{DE239FA2-FACC-4D21-96DB-0A9806D561EE}"
EndProject
Project("{FAE04EC0-301F-11D3-BF4B-00C04F79EFBC}") = "eDecor.WinUI", "eDecor.WinUI\eDecor.WinUI.csproj", "{084D685A-9774-4D98-ADDE-3B208D580E50}"
EndProject
Project("{2150E333-8FDC-42A3-9474-1A3956D46DE8}") = "Mobile", "Mobile", "{8E683A1F-45EC-44BA-95CD-FF231E29D25D}"
EndProject
Project("{FAE04EC0-301F-11D3-BF4B-00C04F79EFBC}") = "eDecor.Mobile.UWP", "eDecor.Mobile\eDecor.Mobile.UWP\eDecor.Mobile.UWP.csproj", "{D981D668-1167-47C7-897C-ADDDDBA57B74}"
EndProject
Project("{FAE04EC0-301F-11D3-BF4B-00C04F79EFBC}") = "eDecor.Mobile.Android", "eDecor.Mobile\eDecor.Mobile.Android\eDecor.Mobile.Android.csproj", "{18CBE202-C071-4458-BC3F-7AB47490489B}"
EndProject
Project("{FAE04EC0-301F-11D3-BF4B-00C04F79EFBC}") = "eDecor.Mobile.iOS", "eDecor.Mobile\eDecor.Mobile.iOS\eDecor.Mobile.iOS.csproj", "{678B3903-4B82-4CEA-9287-CE2714BCFBEE}"
EndProject
Project("{9A19103F-16F7-4668-BE54-9A1E7A4F7556}") = "eDecor.Mobile", "eDecor.Mobile\eDecor.Mobile\eDecor.Mobile.csproj", "{FCC13102-50C1-4354-BE7D-F63B28DB19C7}"
EndProject
Global
	GlobalSection(SolutionConfigurationPlatforms) = preSolution
		Debug|Any CPU = Debug|Any CPU
		Debug|ARM = Debug|ARM
		Debug|iPhone = Debug|iPhone
		Debug|iPhoneSimulator = Debug|iPhoneSimulator
		Debug|x64 = Debug|x64
		Debug|x86 = Debug|x86
		Release|Any CPU = Release|Any CPU
		Release|ARM = Release|ARM
		Release|iPhone = Release|iPhone
		Release|iPhoneSimulator = Release|iPhoneSimulator
		Release|x64 = Release|x64
		Release|x86 = Release|x86
	EndGlobalSection
	GlobalSection(ProjectConfigurationPlatforms) = postSolution
		{30237FDF-7961-4579-8C8D-859AF5A43BDF}.Debug|Any CPU.ActiveCfg = Debug|Any CPU
		{30237FDF-7961-4579-8C8D-859AF5A43BDF}.Debug|Any CPU.Build.0 = Debug|Any CPU
		{30237FDF-7961-4579-8C8D-859AF5A43BDF}.Debug|ARM.ActiveCfg = Debug|Any CPU
		{30237FDF-7961-4579-8C8D-859AF5A43BDF}.Debug|ARM.Build.0 = Debug|Any CPU
		{30237FDF-7961-4579-8C8D-859AF5A43BDF}.Debug|iPhone.ActiveCfg = Debug|Any CPU
		{30237FDF-7961-4579-8C8D-859AF5A43BDF}.Debug|iPhone.Build.0 = Debug|Any CPU
		{30237FDF-7961-4579-8C8D-859AF5A43BDF}.Debug|iPhoneSimulator.ActiveCfg = Debug|Any CPU
		{30237FDF-7961-4579-8C8D-859AF5A43BDF}.Debug|iPhoneSimulator.Build.0 = Debug|Any CPU
		{30237FDF-7961-4579-8C8D-859AF5A43BDF}.Debug|x64.ActiveCfg = Debug|Any CPU
		{30237FDF-7961-4579-8C8D-859AF5A43BDF}.Debug|x64.Build.0 = Debug|Any CPU
		{30237FDF-7961-4579-8C8D-859AF5A43BDF}.Debug|x86.ActiveCfg = Debug|Any CPU
		{30237FDF-7961-4579-8C8D-859AF5A43BDF}.Debug|x86.Build.0 = Debug|Any CPU
		{30237FDF-7961-4579-8C8D-859AF5A43BDF}.Release|Any CPU.ActiveCfg = Release|Any CPU
		{30237FDF-7961-4579-8C8D-859AF5A43BDF}.Release|Any CPU.Build.0 = Release|Any CPU
		{30237FDF-7961-4579-8C8D-859AF5A43BDF}.Release|ARM.ActiveCfg = Release|Any CPU
		{30237FDF-7961-4579-8C8D-859AF5A43BDF}.Release|ARM.Build.0 = Release|Any CPU
		{30237FDF-7961-4579-8C8D-859AF5A43BDF}.Release|iPhone.ActiveCfg = Release|Any CPU
		{30237FDF-7961-4579-8C8D-859AF5A43BDF}.Release|iPhone.Build.0 = Release|Any CPU
		{30237FDF-7961-4579-8C8D-859AF5A43BDF}.Release|iPhoneSimulator.ActiveCfg = Release|Any CPU
		{30237FDF-7961-4579-8C8D-859AF5A43BDF}.Release|iPhoneSimulator.Build.0 = Release|Any CPU
		{30237FDF-7961-4579-8C8D-859AF5A43BDF}.Release|x64.ActiveCfg = Release|Any CPU
		{30237FDF-7961-4579-8C8D-859AF5A43BDF}.Release|x64.Build.0 = Release|Any CPU
		{30237FDF-7961-4579-8C8D-859AF5A43BDF}.Release|x86.ActiveCfg = Release|Any CPU
		{30237FDF-7961-4579-8C8D-859AF5A43BDF}.Release|x86.Build.0 = Release|Any CPU
		{DE239FA2-FACC-4D21-96DB-0A9806D561EE}.Debug|Any CPU.ActiveCfg = Debug|Any CPU
		{DE239FA2-FACC-4D21-96DB-0A9806D561EE}.Debug|Any CPU.Build.0 = Debug|Any CPU
		{DE239FA2-FACC-4D21-96DB-0A9806D561EE}.Debug|ARM.ActiveCfg = Debug|Any CPU
		{DE239FA2-FACC-4D21-96DB-0A9806D561EE}.Debug|ARM.Build.0 = Debug|Any CPU
		{DE239FA2-FACC-4D21-96DB-0A9806D561EE}.Debug|iPhone.ActiveCfg = Debug|Any CPU
		{DE239FA2-FACC-4D21-96DB-0A9806D561EE}.Debug|iPhone.Build.0 = Debug|Any CPU
		{DE239FA2-FACC-4D21-96DB-0A9806D561EE}.Debug|iPhoneSimulator.ActiveCfg = Debug|Any CPU
		{DE239FA2-FACC-4D21-96DB-0A9806D561EE}.Debug|iPhoneSimulator.Build.0 = Debug|Any CPU
		{DE239FA2-FACC-4D21-96DB-0A9806D561EE}.Debug|x64.ActiveCfg = Debug|Any CPU
		{DE239FA2-FACC-4D21-96DB-0A9806D561EE}.Debug|x64.Build.0 = Debug|Any CPU
		{DE239FA2-FACC-4D21-96DB-0A9806D561EE}.Debug|x86.ActiveCfg = Debug|Any CPU
		{DE239FA2-FACC-4D21-96DB-0A9806D561EE}.Debug|x86.Build.0 = Debug|Any CPU
		{DE239FA2-FACC-4D21-96DB-0A9806D561EE}.Release|Any CPU.ActiveCfg = Release|Any CPU
		{DE239FA2-FACC-4D21-96DB-0A9806D561EE}.Release|Any CPU.Build.0 = Release|Any CPU
		{DE239FA2-FACC-4D21-96DB-0A9806D561EE}.Release|ARM.ActiveCfg = Release|Any CPU
		{DE239FA2-FACC-4D21-96DB-0A9806D561EE}.Release|ARM.Build.0 = Release|Any CPU
		{DE239FA2-FACC-4D21-96DB-0A9806D561EE}.Release|iPhone.ActiveCfg = Release|Any CPU
		{DE239FA2-FACC-4D21-96DB-0A9806D561EE}.Release|iPhone.Build.0 = Release|Any CPU
		{DE239FA2-FACC-4D21-96DB-0A9806D561EE}.Release|iPhoneSimulator.ActiveCfg = Release|Any CPU
		{DE239FA2-FACC-4D21-96DB-0A9806D561EE}.Release|iPhoneSimulator.Build.0 = Release|Any CPU
		{DE239FA2-FACC-4D21-96DB-0A9806D561EE}.Release|x64.ActiveCfg = Release|Any CPU
		{DE239FA2-FACC-4D21-96DB-0A9806D561EE}.Release|x64.Build.0 = Release|Any CPU
		{DE239FA2-FACC-4D21-96DB-0A9806D561EE}.Release|x86.ActiveCfg = Release|Any CPU
		{DE239FA2-FACC-4D21-96DB-0A9806D561EE}.Release|x86.Build.0 = Release|Any CPU
		{084D685A-9774-4D98-ADDE-3B208D580E50}.Debug|Any CPU.ActiveCfg = Debug|Any CPU
		{084D685A-9774-4D98-ADDE-3B208D580E50}.Debug|Any CPU.Build.0 = Debug|Any CPU
		{084D685A-9774-4D98-ADDE-3B208D580E50}.Debug|ARM.ActiveCfg = Debug|Any CPU
		{084D685A-9774-4D98-ADDE-3B208D580E50}.Debug|ARM.Build.0 = Debug|Any CPU
		{084D685A-9774-4D98-ADDE-3B208D580E50}.Debug|iPhone.ActiveCfg = Debug|Any CPU
		{084D685A-9774-4D98-ADDE-3B208D580E50}.Debug|iPhone.Build.0 = Debug|Any CPU
		{084D685A-9774-4D98-ADDE-3B208D580E50}.Debug|iPhoneSimulator.ActiveCfg = Debug|Any CPU
		{084D685A-9774-4D98-ADDE-3B208D580E50}.Debug|iPhoneSimulator.Build.0 = Debug|Any CPU
		{084D685A-9774-4D98-ADDE-3B208D580E50}.Debug|x64.ActiveCfg = Debug|Any CPU
		{084D685A-9774-4D98-ADDE-3B208D580E50}.Debug|x64.Build.0 = Debug|Any CPU
		{084D685A-9774-4D98-ADDE-3B208D580E50}.Debug|x86.ActiveCfg = Debug|Any CPU
		{084D685A-9774-4D98-ADDE-3B208D580E50}.Debug|x86.Build.0 = Debug|Any CPU
		{084D685A-9774-4D98-ADDE-3B208D580E50}.Release|Any CPU.ActiveCfg = Release|Any CPU
		{084D685A-9774-4D98-ADDE-3B208D580E50}.Release|Any CPU.Build.0 = Release|Any CPU
		{084D685A-9774-4D98-ADDE-3B208D580E50}.Release|ARM.ActiveCfg = Release|Any CPU
		{084D685A-9774-4D98-ADDE-3B208D580E50}.Release|ARM.Build.0 = Release|Any CPU
		{084D685A-9774-4D98-ADDE-3B208D580E50}.Release|iPhone.ActiveCfg = Release|Any CPU
		{084D685A-9774-4D98-ADDE-3B208D580E50}.Release|iPhone.Build.0 = Release|Any CPU
		{084D685A-9774-4D98-ADDE-3B208D580E50}.Release|iPhoneSimulator.ActiveCfg = Release|Any CPU
		{084D685A-9774-4D98-ADDE-3B208D580E50}.Release|iPhoneSimulator.Build.0 = Release|Any CPU
		{084D685A-9774-4D98-ADDE-3B208D580E50}.Release|x64.ActiveCfg = Release|Any CPU
		{084D685A-9774-4D98-ADDE-3B208D580E50}.Release|x64.Build.0 = Release|Any CPU
		{084D685A-9774-4D98-ADDE-3B208D580E50}.Release|x86.ActiveCfg = Release|Any CPU
		{084D685A-9774-4D98-ADDE-3B208D580E50}.Release|x86.Build.0 = Release|Any CPU
		{D981D668-1167-47C7-897C-ADDDDBA57B74}.Debug|Any CPU.ActiveCfg = Debug|x86
		{D981D668-1167-47C7-897C-ADDDDBA57B74}.Debug|Any CPU.Build.0 = Debug|x86
		{D981D668-1167-47C7-897C-ADDDDBA57B74}.Debug|Any CPU.Deploy.0 = Debug|x86
		{D981D668-1167-47C7-897C-ADDDDBA57B74}.Debug|ARM.ActiveCfg = Debug|ARM
		{D981D668-1167-47C7-897C-ADDDDBA57B74}.Debug|ARM.Build.0 = Debug|ARM
		{D981D668-1167-47C7-897C-ADDDDBA57B74}.Debug|ARM.Deploy.0 = Debug|ARM
		{D981D668-1167-47C7-897C-ADDDDBA57B74}.Debug|iPhone.ActiveCfg = Debug|x86
		{D981D668-1167-47C7-897C-ADDDDBA57B74}.Debug|iPhoneSimulator.ActiveCfg = Debug|x86
		{D981D668-1167-47C7-897C-ADDDDBA57B74}.Debug|x64.ActiveCfg = Debug|x64
		{D981D668-1167-47C7-897C-ADDDDBA57B74}.Debug|x64.Build.0 = Debug|x64
		{D981D668-1167-47C7-897C-ADDDDBA57B74}.Debug|x64.Deploy.0 = Debug|x64
		{D981D668-1167-47C7-897C-ADDDDBA57B74}.Debug|x86.ActiveCfg = Debug|x86
		{D981D668-1167-47C7-897C-ADDDDBA57B74}.Debug|x86.Build.0 = Debug|x86
		{D981D668-1167-47C7-897C-ADDDDBA57B74}.Debug|x86.Deploy.0 = Debug|x86
		{D981D668-1167-47C7-897C-ADDDDBA57B74}.Release|Any CPU.ActiveCfg = Release|x86
		{D981D668-1167-47C7-897C-ADDDDBA57B74}.Release|ARM.ActiveCfg = Release|ARM
		{D981D668-1167-47C7-897C-ADDDDBA57B74}.Release|ARM.Build.0 = Release|ARM
		{D981D668-1167-47C7-897C-ADDDDBA57B74}.Release|ARM.Deploy.0 = Release|ARM
		{D981D668-1167-47C7-897C-ADDDDBA57B74}.Release|iPhone.ActiveCfg = Release|x86
		{D981D668-1167-47C7-897C-ADDDDBA57B74}.Release|iPhoneSimulator.ActiveCfg = Release|x86
		{D981D668-1167-47C7-897C-ADDDDBA57B74}.Release|x64.ActiveCfg = Release|x64
		{D981D668-1167-47C7-897C-ADDDDBA57B74}.Release|x64.Build.0 = Release|x64
		{D981D668-1167-47C7-897C-ADDDDBA57B74}.Release|x64.Deploy.0 = Release|x64
		{D981D668-1167-47C7-897C-ADDDDBA57B74}.Release|x86.ActiveCfg = Release|x86
		{D981D668-1167-47C7-897C-ADDDDBA57B74}.Release|x86.Build.0 = Release|x86
		{D981D668-1167-47C7-897C-ADDDDBA57B74}.Release|x86.Deploy.0 = Release|x86
		{18CBE202-C071-4458-BC3F-7AB47490489B}.Debug|Any CPU.ActiveCfg = Debug|Any CPU
		{18CBE202-C071-4458-BC3F-7AB47490489B}.Debug|Any CPU.Build.0 = Debug|Any CPU
		{18CBE202-C071-4458-BC3F-7AB47490489B}.Debug|Any CPU.Deploy.0 = Debug|Any CPU
		{18CBE202-C071-4458-BC3F-7AB47490489B}.Debug|ARM.ActiveCfg = Debug|Any CPU
		{18CBE202-C071-4458-BC3F-7AB47490489B}.Debug|ARM.Build.0 = Debug|Any CPU
		{18CBE202-C071-4458-BC3F-7AB47490489B}.Debug|ARM.Deploy.0 = Debug|Any CPU
		{18CBE202-C071-4458-BC3F-7AB47490489B}.Debug|iPhone.ActiveCfg = Debug|Any CPU
		{18CBE202-C071-4458-BC3F-7AB47490489B}.Debug|iPhone.Build.0 = Debug|Any CPU
		{18CBE202-C071-4458-BC3F-7AB47490489B}.Debug|iPhone.Deploy.0 = Debug|Any CPU
		{18CBE202-C071-4458-BC3F-7AB47490489B}.Debug|iPhoneSimulator.ActiveCfg = Debug|Any CPU
		{18CBE202-C071-4458-BC3F-7AB47490489B}.Debug|iPhoneSimulator.Build.0 = Debug|Any CPU
		{18CBE202-C071-4458-BC3F-7AB47490489B}.Debug|iPhoneSimulator.Deploy.0 = Debug|Any CPU
		{18CBE202-C071-4458-BC3F-7AB47490489B}.Debug|x64.ActiveCfg = Debug|Any CPU
		{18CBE202-C071-4458-BC3F-7AB47490489B}.Debug|x64.Build.0 = Debug|Any CPU
		{18CBE202-C071-4458-BC3F-7AB47490489B}.Debug|x64.Deploy.0 = Debug|Any CPU
		{18CBE202-C071-4458-BC3F-7AB47490489B}.Debug|x86.ActiveCfg = Debug|Any CPU
		{18CBE202-C071-4458-BC3F-7AB47490489B}.Debug|x86.Build.0 = Debug|Any CPU
		{18CBE202-C071-4458-BC3F-7AB47490489B}.Debug|x86.Deploy.0 = Debug|Any CPU
		{18CBE202-C071-4458-BC3F-7AB47490489B}.Release|Any CPU.ActiveCfg = Release|Any CPU
		{18CBE202-C071-4458-BC3F-7AB47490489B}.Release|Any CPU.Build.0 = Release|Any CPU
		{18CBE202-C071-4458-BC3F-7AB47490489B}.Release|Any CPU.Deploy.0 = Release|Any CPU
		{18CBE202-C071-4458-BC3F-7AB47490489B}.Release|ARM.ActiveCfg = Release|Any CPU
		{18CBE202-C071-4458-BC3F-7AB47490489B}.Release|ARM.Build.0 = Release|Any CPU
		{18CBE202-C071-4458-BC3F-7AB47490489B}.Release|ARM.Deploy.0 = Release|Any CPU
		{18CBE202-C071-4458-BC3F-7AB47490489B}.Release|iPhone.ActiveCfg = Release|Any CPU
		{18CBE202-C071-4458-BC3F-7AB47490489B}.Release|iPhone.Build.0 = Release|Any CPU
		{18CBE202-C071-4458-BC3F-7AB47490489B}.Release|iPhone.Deploy.0 = Release|Any CPU
		{18CBE202-C071-4458-BC3F-7AB47490489B}.Release|iPhoneSimulator.ActiveCfg = Release|Any CPU
		{18CBE202-C071-4458-BC3F-7AB47490489B}.Release|iPhoneSimulator.Build.0 = Release|Any CPU
		{18CBE202-C071-4458-BC3F-7AB47490489B}.Release|iPhoneSimulator.Deploy.0 = Release|Any CPU
		{18CBE202-C071-4458-BC3F-7AB47490489B}.Release|x64.ActiveCfg = Release|Any CPU
		{18CBE202-C071-4458-BC3F-7AB47490489B}.Release|x64.Build.0 = Release|Any CPU
		{18CBE202-C071-4458-BC3F-7AB47490489B}.Release|x64.Deploy.0 = Release|Any CPU
		{18CBE202-C071-4458-BC3F-7AB47490489B}.Release|x86.ActiveCfg = Release|Any CPU
		{18CBE202-C071-4458-BC3F-7AB47490489B}.Release|x86.Build.0 = Release|Any CPU
		{18CBE202-C071-4458-BC3F-7AB47490489B}.Release|x86.Deploy.0 = Release|Any CPU
		{678B3903-4B82-4CEA-9287-CE2714BCFBEE}.Debug|Any CPU.ActiveCfg = Debug|iPhone
		{678B3903-4B82-4CEA-9287-CE2714BCFBEE}.Debug|ARM.ActiveCfg = Debug|iPhone
		{678B3903-4B82-4CEA-9287-CE2714BCFBEE}.Debug|iPhone.ActiveCfg = Debug|iPhone
		{678B3903-4B82-4CEA-9287-CE2714BCFBEE}.Debug|iPhone.Build.0 = Debug|iPhone
		{678B3903-4B82-4CEA-9287-CE2714BCFBEE}.Debug|iPhoneSimulator.ActiveCfg = Debug|iPhoneSimulator
		{678B3903-4B82-4CEA-9287-CE2714BCFBEE}.Debug|iPhoneSimulator.Build.0 = Debug|iPhoneSimulator
		{678B3903-4B82-4CEA-9287-CE2714BCFBEE}.Debug|x64.ActiveCfg = Debug|iPhone
		{678B3903-4B82-4CEA-9287-CE2714BCFBEE}.Debug|x86.ActiveCfg = Debug|iPhone
		{678B3903-4B82-4CEA-9287-CE2714BCFBEE}.Release|Any CPU.ActiveCfg = Release|iPhone
		{678B3903-4B82-4CEA-9287-CE2714BCFBEE}.Release|ARM.ActiveCfg = Release|iPhone
		{678B3903-4B82-4CEA-9287-CE2714BCFBEE}.Release|iPhone.ActiveCfg = Release|iPhone
		{678B3903-4B82-4CEA-9287-CE2714BCFBEE}.Release|iPhone.Build.0 = Release|iPhone
		{678B3903-4B82-4CEA-9287-CE2714BCFBEE}.Release|iPhoneSimulator.ActiveCfg = Release|iPhoneSimulator
		{678B3903-4B82-4CEA-9287-CE2714BCFBEE}.Release|iPhoneSimulator.Build.0 = Release|iPhoneSimulator
		{678B3903-4B82-4CEA-9287-CE2714BCFBEE}.Release|x64.ActiveCfg = Release|iPhone
		{678B3903-4B82-4CEA-9287-CE2714BCFBEE}.Release|x86.ActiveCfg = Release|iPhone
		{FCC13102-50C1-4354-BE7D-F63B28DB19C7}.Debug|Any CPU.ActiveCfg = Debug|Any CPU
		{FCC13102-50C1-4354-BE7D-F63B28DB19C7}.Debug|Any CPU.Build.0 = Debug|Any CPU
		{FCC13102-50C1-4354-BE7D-F63B28DB19C7}.Debug|ARM.ActiveCfg = Debug|Any CPU
		{FCC13102-50C1-4354-BE7D-F63B28DB19C7}.Debug|ARM.Build.0 = Debug|Any CPU
		{FCC13102-50C1-4354-BE7D-F63B28DB19C7}.Debug|iPhone.ActiveCfg = Debug|Any CPU
		{FCC13102-50C1-4354-BE7D-F63B28DB19C7}.Debug|iPhone.Build.0 = Debug|Any CPU
		{FCC13102-50C1-4354-BE7D-F63B28DB19C7}.Debug|iPhoneSimulator.ActiveCfg = Debug|Any CPU
		{FCC13102-50C1-4354-BE7D-F63B28DB19C7}.Debug|iPhoneSimulator.Build.0 = Debug|Any CPU
		{FCC13102-50C1-4354-BE7D-F63B28DB19C7}.Debug|x64.ActiveCfg = Debug|Any CPU
		{FCC13102-50C1-4354-BE7D-F63B28DB19C7}.Debug|x64.Build.0 = Debug|Any CPU
		{FCC13102-50C1-4354-BE7D-F63B28DB19C7}.Debug|x86.ActiveCfg = Debug|Any CPU
		{FCC13102-50C1-4354-BE7D-F63B28DB19C7}.Debug|x86.Build.0 = Debug|Any CPU
		{FCC13102-50C1-4354-BE7D-F63B28DB19C7}.Release|Any CPU.ActiveCfg = Release|Any CPU
		{FCC13102-50C1-4354-BE7D-F63B28DB19C7}.Release|Any CPU.Build.0 = Release|Any CPU
		{FCC13102-50C1-4354-BE7D-F63B28DB19C7}.Release|ARM.ActiveCfg = Release|Any CPU
		{FCC13102-50C1-4354-BE7D-F63B28DB19C7}.Release|ARM.Build.0 = Release|Any CPU
		{FCC13102-50C1-4354-BE7D-F63B28DB19C7}.Release|iPhone.ActiveCfg = Release|Any CPU
		{FCC13102-50C1-4354-BE7D-F63B28DB19C7}.Release|iPhone.Build.0 = Release|Any CPU
		{FCC13102-50C1-4354-BE7D-F63B28DB19C7}.Release|iPhoneSimulator.ActiveCfg = Release|Any CPU
		{FCC13102-50C1-4354-BE7D-F63B28DB19C7}.Release|iPhoneSimulator.Build.0 = Release|Any CPU
		{FCC13102-50C1-4354-BE7D-F63B28DB19C7}.Release|x64.ActiveCfg = Release|Any CPU
		{FCC13102-50C1-4354-BE7D-F63B28DB19C7}.Release|x64.Build.0 = Release|Any CPU
		{FCC13102-50C1-4354-BE7D-F63B28DB19C7}.Release|x86.ActiveCfg = Release|Any CPU
		{FCC13102-50C1-4354-BE7D-F63B28DB19C7}.Release|x86.Build.0 = Release|Any CPU
	EndGlobalSection
	GlobalSection(SolutionProperties) = preSolution
		HideSolutionNode = FALSE
	EndGlobalSection
	GlobalSection(NestedProjects) = preSolution
		{D981D668-1167-47C7-897C-ADDDDBA57B74} = {8E683A1F-45EC-44BA-95CD-FF231E29D25D}
		{18CBE202-C071-4458-BC3F-7AB47490489B} = {8E683A1F-45EC-44BA-95CD-FF231E29D25D}
		{678B3903-4B82-4CEA-9287-CE2714BCFBEE} = {8E683A1F-45EC-44BA-95CD-FF231E29D25D}
		{FCC13102-50C1-4354-BE7D-F63B28DB19C7} = {8E683A1F-45EC-44BA-95CD-FF231E29D25D}
	EndGlobalSection
	GlobalSection(ExtensibilityGlobals) = postSolution
		SolutionGuid = {4404AFB7-5F9A-4CA1-8122-637AE112DEBB}
	EndGlobalSection
EndGlobal
